NeoBundleLock corelist.vim cf7acb1f196416cfc646cc76abcfda5dc90ca17b
NeoBundleLock ctrlp.vim 58247bdf8550879e183c13860eefa03983959e4a
NeoBundleLock neobundle.vim dd5208f9a7c60e9dd311b5a91d30e5367acece42
NeoBundleLock neomru.vim a52b644475156d397117b2e7920849fb9f1c8901
NeoBundleLock neosnippet-snippets 7bc1674170670a4c43f7f4fc65e0e396759512ea
NeoBundleLock neosnippet.vim 1617094a8c9df36d9a505f533b3a2efa44039412
NeoBundleLock perl-module-version.vim 2f1c3b4c79367d6139c1e0dfa79bd80eba2af611
NeoBundleLock perldoc-vim 3cdeb2f18bdc28ad7704dae9d3175efccdfbd026
NeoBundleLock perlomni.vim 60b39ac6cd59ff14022fc024f1f0a7121a93c952
NeoBundleLock plenv.vim 7b2ad3da4d9c44957ba97df21a9b119b689015a4
NeoBundleLock syntastic-cpanfile 44b2f8118589da2c08b9c49962a699e319b8f1f7
NeoBundleLock unite.vim f24df7733eca3009ee3fac159014aa2001ccadac
NeoBundleLock vim-colorschemes 28a989b28457e38df620e4c7ab23e224aff70efe
NeoBundleLock vim-cpanfile d69eb9aee5c60da6ff68b8fc3058b69bf5a4f6d9
NeoBundleLock vim-fugitive b7b23001def8d2ae816ff6dd772cd50976189e0e
NeoBundleLock vim-perl 4e75c3e3766da7294061f9bef6949e89087f821f
NeoBundleLock vim-plack 5ae4ec207b4a81c517fd37fca1f2281ef8b709fd
NeoBundleLock vimshell 3787e52766812d8b99a93ccdda57517bc2a0bab6
NeoBundleLock xslate-vim e6eff89c4f41c61171e7debacad69e13ebb95b4c
